
Microsoft Visual Studio Solution File, Format Version 12.00
# Visual Studio Version 16
VisualStudioVersion = 16.0.29424.173
MinimumVisualStudioVersion = 10.0.40219.1
Project("{FAE04EC0-301F-11D3-BF4B-00C04F79EFBC}") = "CustomerDates", "CustomerDates\CustomerDates.csproj", "{9442F41F-4FE2-4D10-886F-246D6ECD9409}"
EndProject
Project("{FAE04EC0-301F-11D3-BF4B-00C04F79EFBC}") = "DataManagement", "DataManagement\DataManagement.csproj", "{8ECF62CE-3B98-4702-BB7B-62A2F0B13D44}"
EndProject
Project("{FAE04EC0-301F-11D3-BF4B-00C04F79EFBC}") = "ObjectLayer", "ObjectLayer\ObjectLayer.csproj", "{46C5E114-B24B-407D-9B62-9B2703C93657}"
EndProject
Project("{54435603-DBB4-11D2-8724-00A0C9A8B90C}") = "CDSetup", "CDSetup\CDSetup.vdproj", "{0BEC8F4D-D565-42AE-A7CD-DC1E0EB09EA4}"
EndProject
Global
	GlobalSection(SolutionConfigurationPlatforms) = preSolution
		Debug|Any CPU = Debug|Any CPU
		Debug|ARM = Debug|ARM
		Debug|ARM64 = Debug|ARM64
		Debug|x64 = Debug|x64
		Debug|x86 = Debug|x86
		Release|Any CPU = Release|Any CPU
		Release|ARM = Release|ARM
		Release|ARM64 = Release|ARM64
		Release|x64 = Release|x64
		Release|x86 = Release|x86
	EndGlobalSection
	GlobalSection(ProjectConfigurationPlatforms) = postSolution
		{9442F41F-4FE2-4D10-886F-246D6ECD9409}.Debug|Any CPU.ActiveCfg = Debug|Any CPU
		{9442F41F-4FE2-4D10-886F-246D6ECD9409}.Debug|Any CPU.Build.0 = Debug|Any CPU
		{9442F41F-4FE2-4D10-886F-246D6ECD9409}.Debug|ARM.ActiveCfg = Debug|Any CPU
		{9442F41F-4FE2-4D10-886F-246D6ECD9409}.Debug|ARM.Build.0 = Debug|Any CPU
		{9442F41F-4FE2-4D10-886F-246D6ECD9409}.Debug|ARM64.ActiveCfg = Debug|Any CPU
		{9442F41F-4FE2-4D10-886F-246D6ECD9409}.Debug|ARM64.Build.0 = Debug|Any CPU
		{9442F41F-4FE2-4D10-886F-246D6ECD9409}.Debug|x64.ActiveCfg = Debug|Any CPU
		{9442F41F-4FE2-4D10-886F-246D6ECD9409}.Debug|x64.Build.0 = Debug|Any CPU
		{9442F41F-4FE2-4D10-886F-246D6ECD9409}.Debug|x86.ActiveCfg = Debug|Any CPU
		{9442F41F-4FE2-4D10-886F-246D6ECD9409}.Debug|x86.Build.0 = Debug|Any CPU
		{9442F41F-4FE2-4D10-886F-246D6ECD9409}.Release|Any CPU.ActiveCfg = Release|Any CPU
		{9442F41F-4FE2-4D10-886F-246D6ECD9409}.Release|Any CPU.Build.0 = Release|Any CPU
		{9442F41F-4FE2-4D10-886F-246D6ECD9409}.Release|ARM.ActiveCfg = Release|Any CPU
		{9442F41F-4FE2-4D10-886F-246D6ECD9409}.Release|ARM.Build.0 = Release|Any CPU
		{9442F41F-4FE2-4D10-886F-246D6ECD9409}.Release|ARM64.ActiveCfg = Release|Any CPU
		{9442F41F-4FE2-4D10-886F-246D6ECD9409}.Release|ARM64.Build.0 = Release|Any CPU
		{9442F41F-4FE2-4D10-886F-246D6ECD9409}.Release|x64.ActiveCfg = Release|Any CPU
		{9442F41F-4FE2-4D10-886F-246D6ECD9409}.Release|x64.Build.0 = Release|Any CPU
		{9442F41F-4FE2-4D10-886F-246D6ECD9409}.Release|x86.ActiveCfg = Release|Any CPU
		{9442F41F-4FE2-4D10-886F-246D6ECD9409}.Release|x86.Build.0 = Release|Any CPU
		{8ECF62CE-3B98-4702-BB7B-62A2F0B13D44}.Debug|Any CPU.ActiveCfg = Debug|Any CPU
		{8ECF62CE-3B98-4702-BB7B-62A2F0B13D44}.Debug|Any CPU.Build.0 = Debug|Any CPU
		{8ECF62CE-3B98-4702-BB7B-62A2F0B13D44}.Debug|ARM.ActiveCfg = Debug|Any CPU
		{8ECF62CE-3B98-4702-BB7B-62A2F0B13D44}.Debug|ARM.Build.0 = Debug|Any CPU
		{8ECF62CE-3B98-4702-BB7B-62A2F0B13D44}.Debug|ARM64.ActiveCfg = Debug|Any CPU
		{8ECF62CE-3B98-4702-BB7B-62A2F0B13D44}.Debug|ARM64.Build.0 = Debug|Any CPU
		{8ECF62CE-3B98-4702-BB7B-62A2F0B13D44}.Debug|x64.ActiveCfg = Debug|Any CPU
		{8ECF62CE-3B98-4702-BB7B-62A2F0B13D44}.Debug|x64.Build.0 = Debug|Any CPU
		{8ECF62CE-3B98-4702-BB7B-62A2F0B13D44}.Debug|x86.ActiveCfg = Debug|Any CPU
		{8ECF62CE-3B98-4702-BB7B-62A2F0B13D44}.Debug|x86.Build.0 = Debug|Any CPU
		{8ECF62CE-3B98-4702-BB7B-62A2F0B13D44}.Release|Any CPU.ActiveCfg = Release|Any CPU
		{8ECF62CE-3B98-4702-BB7B-62A2F0B13D44}.Release|Any CPU.Build.0 = Release|Any CPU
		{8ECF62CE-3B98-4702-BB7B-62A2F0B13D44}.Release|ARM.ActiveCfg = Release|Any CPU
		{8ECF62CE-3B98-4702-BB7B-62A2F0B13D44}.Release|ARM.Build.0 = Release|Any CPU
		{8ECF62CE-3B98-4702-BB7B-62A2F0B13D44}.Release|ARM64.ActiveCfg = Release|Any CPU
		{8ECF62CE-3B98-4702-BB7B-62A2F0B13D44}.Release|ARM64.Build.0 = Release|Any CPU
		{8ECF62CE-3B98-4702-BB7B-62A2F0B13D44}.Release|x64.ActiveCfg = Release|Any CPU
		{8ECF62CE-3B98-4702-BB7B-62A2F0B13D44}.Release|x64.Build.0 = Release|Any CPU
		{8ECF62CE-3B98-4702-BB7B-62A2F0B13D44}.Release|x86.ActiveCfg = Release|Any CPU
		{8ECF62CE-3B98-4702-BB7B-62A2F0B13D44}.Release|x86.Build.0 = Release|Any CPU
		{46C5E114-B24B-407D-9B62-9B2703C93657}.Debug|Any CPU.ActiveCfg = Debug|Any CPU
		{46C5E114-B24B-407D-9B62-9B2703C93657}.Debug|Any CPU.Build.0 = Debug|Any CPU
		{46C5E114-B24B-407D-9B62-9B2703C93657}.Debug|ARM.ActiveCfg = Debug|Any CPU
		{46C5E114-B24B-407D-9B62-9B2703C93657}.Debug|ARM.Build.0 = Debug|Any CPU
		{46C5E114-B24B-407D-9B62-9B2703C93657}.Debug|ARM64.ActiveCfg = Debug|Any CPU
		{46C5E114-B24B-407D-9B62-9B2703C93657}.Debug|ARM64.Build.0 = Debug|Any CPU
		{46C5E114-B24B-407D-9B62-9B2703C93657}.Debug|x64.ActiveCfg = Debug|Any CPU
		{46C5E114-B24B-407D-9B62-9B2703C93657}.Debug|x64.Build.0 = Debug|Any CPU
		{46C5E114-B24B-407D-9B62-9B2703C93657}.Debug|x86.ActiveCfg = Debug|Any CPU
		{46C5E114-B24B-407D-9B62-9B2703C93657}.Debug|x86.Build.0 = Debug|Any CPU
		{46C5E114-B24B-407D-9B62-9B2703C93657}.Release|Any CPU.ActiveCfg = Release|Any CPU
		{46C5E114-B24B-407D-9B62-9B2703C93657}.Release|Any CPU.Build.0 = Release|Any CPU
		{46C5E114-B24B-407D-9B62-9B2703C93657}.Release|ARM.ActiveCfg = Release|Any CPU
		{46C5E114-B24B-407D-9B62-9B2703C93657}.Release|ARM.Build.0 = Release|Any CPU
		{46C5E114-B24B-407D-9B62-9B2703C93657}.Release|ARM64.ActiveCfg = Release|Any CPU
		{46C5E114-B24B-407D-9B62-9B2703C93657}.Release|ARM64.Build.0 = Release|Any CPU
		{46C5E114-B24B-407D-9B62-9B2703C93657}.Release|x64.ActiveCfg = Release|Any CPU
		{46C5E114-B24B-407D-9B62-9B2703C93657}.Release|x64.Build.0 = Release|Any CPU
		{46C5E114-B24B-407D-9B62-9B2703C93657}.Release|x86.ActiveCfg = Release|Any CPU
		{46C5E114-B24B-407D-9B62-9B2703C93657}.Release|x86.Build.0 = Release|Any CPU
		{0BEC8F4D-D565-42AE-A7CD-DC1E0EB09EA4}.Debug|Any CPU.ActiveCfg = Debug
		{0BEC8F4D-D565-42AE-A7CD-DC1E0EB09EA4}.Debug|ARM.ActiveCfg = Debug
		{0BEC8F4D-D565-42AE-A7CD-DC1E0EB09EA4}.Debug|ARM64.ActiveCfg = Debug
		{0BEC8F4D-D565-42AE-A7CD-DC1E0EB09EA4}.Debug|x64.ActiveCfg = Debug
		{0BEC8F4D-D565-42AE-A7CD-DC1E0EB09EA4}.Debug|x86.ActiveCfg = Debug
		{0BEC8F4D-D565-42AE-A7CD-DC1E0EB09EA4}.Release|Any CPU.ActiveCfg = Release
		{0BEC8F4D-D565-42AE-A7CD-DC1E0EB09EA4}.Release|ARM.ActiveCfg = Release
		{0BEC8F4D-D565-42AE-A7CD-DC1E0EB09EA4}.Release|ARM64.ActiveCfg = Release
		{0BEC8F4D-D565-42AE-A7CD-DC1E0EB09EA4}.Release|x64.ActiveCfg = Release
		{0BEC8F4D-D565-42AE-A7CD-DC1E0EB09EA4}.Release|x86.ActiveCfg = Release
	EndGlobalSection
	GlobalSection(SolutionProperties) = preSolution
		HideSolutionNode = FALSE
	EndGlobalSection
	GlobalSection(ExtensibilityGlobals) = postSolution
		SolutionGuid = {01E46469-ED10-48A7-95B8-FD8DE633A088}
	EndGlobalSection
EndGlobal
